// !$*UTF8*$!
{
	archiveVersion = 1;
	classes = {
	};
	objectVersion = 46;
	objects = {

/* Begin PBXBuildFile section */
		9657354C1B88798300B2EAAD /* BusNumberViewController.m in Sources */ = {isa = PBXBuildFile; fileRef = 9657354B1B88798300B2EAAD /* BusNumberViewController.m */; };
		9657354F1B8879B500B2EAAD /* BusLineViewController.m in Sources */ = {isa = PBXBuildFile; fileRef = 9657354E1B8879B500B2EAAD /* BusLineViewController.m */; };
		965735531B8879DE00B2EAAD /* RankingViewController.m in Sources */ = {isa = PBXBuildFile; fileRef = 965735521B8879DE00B2EAAD /* RankingViewController.m */; };
		B00362A51B888854001745FD /* 01_search_img.png in Resources */ = {isa = PBXBuildFile; fileRef = B00362A41B888854001745FD /* 01_search_img.png */; };
		B0A2D3F51B8870FF003195F7 /* main.m in Sources */ = {isa = PBXBuildFile; fileRef = B0A2D3F41B8870FF003195F7 /* main.m */; };
		B0A2D3F81B8870FF003195F7 /* AppDelegate.m in Sources */ = {isa = PBXBuildFile; fileRef = B0A2D3F71B8870FF003195F7 /* AppDelegate.m */; };
		B0A2D3FB1B8870FF003195F7 /* ViewController.m in Sources */ = {isa = PBXBuildFile; fileRef = B0A2D3FA1B8870FF003195F7 /* ViewController.m */; };
		B0A2D3FE1B887100003195F7 /* Main.storyboard in Resources */ = {isa = PBXBuildFile; fileRef = B0A2D3FC1B887100003195F7 /* Main.storyboard */; };
		B0A2D4001B887100003195F7 /* Images.xcassets in Resources */ = {isa = PBXBuildFile; fileRef = B0A2D3FF1B887100003195F7 /* Images.xcassets */; };
		B0A2D4031B887100003195F7 /* LaunchScreen.xib in Resources */ = {isa = PBXBuildFile; fileRef = B0A2D4011B887100003195F7 /* LaunchScreen.xib */; };
		B0A2D40F1B887100003195F7 /* BeaBusTests.m in Sources */ = {isa = PBXBuildFile; fileRef = B0A2D40E1B887100003195F7 /* BeaBusTests.m */; };
		B0A2D41A1B8879CD003195F7 /* icon.png in Resources */ = {isa = PBXBuildFile; fileRef = B0A2D4181B8879CD003195F7 /* icon.png */; };
		B0A2D41B1B8879CD003195F7 /* launcher.png in Resources */ = {isa = PBXBuildFile; fileRef = B0A2D4191B8879CD003195F7 /* launcher.png */; };
/* End PBXBuildFile section */

/* Begin PBXContainerItemProxy section */
		B0A2D4091B887100003195F7 /* PBXContainerItemProxy */ = {
			isa = PBXContainerItemProxy;
			containerPortal = B0A2D3E71B8870FF003195F7 /* Project object */;
			proxyType = 1;
			remoteGlobalIDString = B0A2D3EE1B8870FF003195F7;
			remoteInfo = BeaBus;
		};
/* End PBXContainerItemProxy section */

/* Begin PBXFileReference section */
		9657354A1B88798300B2EAAD /* BusNumberViewController.h */ = {isa = PBXFileReference; fileEncoding = 4; lastKnownFileType = sourcecode.c.h; path = BusNumberViewController.h; sourceTree = "<group>"; };
		9657354B1B88798300B2EAAD /* BusNumberViewController.m */ = {isa = PBXFileReference; fileEncoding = 4; lastKnownFileType = sourcecode.c.objc; path = BusNumberViewController.m; sourceTree = "<group>"; };
		9657354D1B8879B500B2EAAD /* BusLineViewController.h */ = {isa = PBXFileReference; fileEncoding = 4; lastKnownFileType = sourcecode.c.h; path = BusLineViewController.h; sourceTree = "<group>"; };
		9657354E1B8879B500B2EAAD /* BusLineViewController.m */ = {isa = PBXFileReference; fileEncoding = 4; lastKnownFileType = sourcecode.c.objc; path = BusLineViewController.m; sourceTree = "<group>"; };
		965735511B8879DE00B2EAAD /* RankingViewController.h */ = {isa = PBXFileReference; fileEncoding = 4; lastKnownFileType = sourcecode.c.h; path = RankingViewController.h; sourceTree = "<group>"; };
		965735521B8879DE00B2EAAD /* RankingViewController.m */ = {isa = PBXFileReference; fileEncoding = 4; lastKnownFileType = sourcecode.c.objc; path = RankingViewController.m; sourceTree = "<group>"; };
		B00362A41B888854001745FD /* 01_search_img.png */ = {isa = PBXFileReference; lastKnownFileType = image.png; name = 01_search_img.png; path = Resources/01_search_img.png; sourceTree = "<group>"; };
		B0A2D3EF1B8870FF003195F7 /* BeaBus.app */ = {isa = PBXFileReference; explicitFileType = wrapper.application; includeInIndex = 0; path = BeaBus.app; sourceTree = BUILT_PRODUCTS_DIR; };
		B0A2D3F31B8870FF003195F7 /* Info.plist */ = {isa = PBXFileReference; lastKnownFileType = text.plist.xml; path = Info.plist; sourceTree = "<group>"; };
		B0A2D3F41B8870FF003195F7 /* main.m */ = {isa = PBXFileReference; lastKnownFileType = sourcecode.c.objc; path = main.m; sourceTree = "<group>"; };
		B0A2D3F61B8870FF003195F7 /* AppDelegate.h */ = {isa = PBXFileReference; lastKnownFileType = sourcecode.c.h; path = AppDelegate.h; sourceTree = "<group>"; };
		B0A2D3F71B8870FF003195F7 /* AppDelegate.m */ = {isa = PBXFileReference; lastKnownFileType = sourcecode.c.objc; path = AppDelegate.m; sourceTree = "<group>"; };
		B0A2D3F91B8870FF003195F7 /* ViewController.h */ = {isa = PBXFileReference; lastKnownFileType = sourcecode.c.h; path = ViewController.h; sourceTree = "<group>"; };
		B0A2D3FA1B8870FF003195F7 /* ViewController.m */ = {isa = PBXFileReference; lastKnownFileType = sourcecode.c.objc; path = ViewController.m; sourceTree = "<group>"; };
		B0A2D3FD1B887100003195F7 /* Base */ = {isa = PBXFileReference; lastKnownFileType = file.storyboard; name = Base; path = Base.lproj/Main.storyboard; sourceTree = "<group>"; };
		B0A2D3FF1B887100003195F7 /* Images.xcassets */ = {isa = PBXFileReference; lastKnownFileType = folder.assetcatalog; path = Images.xcassets; sourceTree = "<group>"; };
		B0A2D4021B887100003195F7 /* Base */ = {isa = PBXFileReference; lastKnownFileType = file.xib; name = Base; path = Base.lproj/LaunchScreen.xib; sourceTree = "<group>"; };
		B0A2D4081B887100003195F7 /* BeaBusTests.xctest */ = {isa = PBXFileReference; explicitFileType = wrapper.cfbundle; includeInIndex = 0; path = BeaBusTests.xctest; sourceTree = BUILT_PRODUCTS_DIR; };
		B0A2D40D1B887100003195F7 /* Info.plist */ = {isa = PBXFileReference; lastKnownFileType = text.plist.xml; path = Info.plist; sourceTree = "<group>"; };
		B0A2D40E1B887100003195F7 /* BeaBusTests.m */ = {isa = PBXFileReference; lastKnownFileType = sourcecode.c.objc; path = BeaBusTests.m; sourceTree = "<group>"; };
		B0A2D4181B8879CD003195F7 /* icon.png */ = {isa = PBXFileReference; lastKnownFileType = image.png; name = icon.png; path = Resources/icon.png; sourceTree = "<group>"; };
		B0A2D4191B8879CD003195F7 /* launcher.png */ = {isa = PBXFileReference; lastKnownFileType = image.png; name = launcher.png; path = Resources/launcher.png; sourceTree = "<group>"; };
/* End PBXFileReference section */

/* Begin PBXFrameworksBuildPhase section */
		B0A2D3EC1B8870FF003195F7 /* Frameworks */ = {
			isa = PBXFrameworksBuildPhase;
			buildActionMask = 2147483647;
			files = (
			);
			runOnlyForDeploymentPostprocessing = 0;
		};
		B0A2D4051B887100003195F7 /* Frameworks */ = {
			isa = PBXFrameworksBuildPhase;
			buildActionMask = 2147483647;
			files = (
			);
			runOnlyForDeploymentPostprocessing = 0;
		};
/* End PBXFrameworksBuildPhase section */

/* Begin PBXGroup section */
		965735461B88776B00B2EAAD /* Resource */ = {
			isa = PBXGroup;
			children = (
				B00362A41B888854001745FD /* 01_search_img.png */,
				B0A2D4181B8879CD003195F7 /* icon.png */,
				B0A2D4191B8879CD003195F7 /* launcher.png */,
			);
			name = Resource;
			sourceTree = "<group>";
		};
		965735491B88795500B2EAAD /* Source */ = {
			isa = PBXGroup;
			children = (
				9657354A1B88798300B2EAAD /* BusNumberViewController.h */,
				9657354B1B88798300B2EAAD /* BusNumberViewController.m */,
				9657354D1B8879B500B2EAAD /* BusLineViewController.h */,
				9657354E1B8879B500B2EAAD /* BusLineViewController.m */,
				965735511B8879DE00B2EAAD /* RankingViewController.h */,
				965735521B8879DE00B2EAAD /* RankingViewController.m */,
			);
			name = Source;
			sourceTree = "<group>";
		};
		B0A2D3E61B8870FF003195F7 = {
			isa = PBXGroup;
			children = (
				B0A2D3F11B8870FF003195F7 /* BeaBus */,
				B0A2D40B1B887100003195F7 /* BeaBusTests */,
				B0A2D3F01B8870FF003195F7 /* Products */,
			);
			sourceTree = "<group>";
		};
		B0A2D3F01B8870FF003195F7 /* Products */ = {
			isa = PBXGroup;
			children = (
				B0A2D3EF1B8870FF003195F7 /* BeaBus.app */,
				B0A2D4081B887100003195F7 /* BeaBusTests.xctest */,
			);
			name = Products;
			sourceTree = "<group>";
		};
		B0A2D3F11B8870FF003195F7 /* BeaBus */ = {
			isa = PBXGroup;
			children = (
				965735491B88795500B2EAAD /* Source */,
				965735461B88776B00B2EAAD /* Resource */,
				B0A2D3F61B8870FF003195F7 /* AppDelegate.h */,
				B0A2D3F71B8870FF003195F7 /* AppDelegate.m */,
				B0A2D3F91B8870FF003195F7 /* ViewController.h */,
				B0A2D3FA1B8870FF003195F7 /* ViewController.m */,
				B0A2D3FC1B887100003195F7 /* Main.storyboard */,
				B0A2D3FF1B887100003195F7 /* Images.xcassets */,
				B0A2D4011B887100003195F7 /* LaunchScreen.xib */,
				B0A2D3F21B8870FF003195F7 /* Supporting Files */,
			);
			path = BeaBus;
			sourceTree = "<group>";
		};
		B0A2D3F21B8870FF003195F7 /* Supporting Files */ = {
			isa = PBXGroup;
			children = (
				B0A2D3F31B8870FF003195F7 /* Info.plist */,
				B0A2D3F41B8870FF003195F7 /* main.m */,
			);
			name = "Supporting Files";
			sourceTree = "<group>";
		};
		B0A2D40B1B887100003195F7 /* BeaBusTests */ = {
			isa = PBXGroup;
			children = (
				B0A2D40E1B887100003195F7 /* BeaBusTests.m */,
				B0A2D40C1B887100003195F7 /* Supporting Files */,
			);
			path = BeaBusTests;
			sourceTree = "<group>";
		};
		B0A2D40C1B887100003195F7 /* Supporting Files */ = {
			isa = PBXGroup;
			children = (
				B0A2D40D1B887100003195F7 /* Info.plist */,
			);
			name = "Supporting Files";
			sourceTree = "<group>";
		};
/* End PBXGroup section */

/* Begin PBXNativeTarget section */
		B0A2D3EE1B8870FF003195F7 /* BeaBus */ = {
			isa = PBXNativeTarget;
			buildConfigurationList = B0A2D4121B887100003195F7 /* Build configuration list for PBXNativeTarget "BeaBus" */;
			buildPhases = (
				B0A2D3EB1B8870FF003195F7 /* Sources */,
				B0A2D3EC1B8870FF003195F7 /* Frameworks */,
				B0A2D3ED1B8870FF003195F7 /* Resources */,
			);
			buildRules = (
			);
			dependencies = (
			);
			name = BeaBus;
			productName = BeaBus;
			productReference = B0A2D3EF1B8870FF003195F7 /* BeaBus.app */;
			productType = "com.apple.product-type.application";
		};
		B0A2D4071B887100003195F7 /* BeaBusTests */ = {
			isa = PBXNativeTarget;
			buildConfigurationList = B0A2D4151B887100003195F7 /* Build configuration list for PBXNativeTarget "BeaBusTests" */;
			buildPhases = (
				B0A2D4041B887100003195F7 /* Sources */,
				B0A2D4051B887100003195F7 /* Frameworks */,
				B0A2D4061B887100003195F7 /* Resources */,
			);
			buildRules = (
			);
			dependencies = (
				B0A2D40A1B887100003195F7 /* PBXTargetDependency */,
			);
			name = BeaBusTests;
			productName = BeaBusTests;
			productReference = B0A2D4081B887100003195F7 /* BeaBusTests.xctest */;
			productType = "com.apple.product-type.bundle.unit-test";
		};
/* End PBXNativeTarget section */

/* Begin PBXProject section */
		B0A2D3E71B8870FF003195F7 /* Project object */ = {
			isa = PBXProject;
			attributes = {
				LastUpgradeCheck = 0640;
				ORGANIZATIONNAME = Wayne;
				TargetAttributes = {
					B0A2D3EE1B8870FF003195F7 = {
						CreatedOnToolsVersion = 6.4;
					};
					B0A2D4071B887100003195F7 = {
						CreatedOnToolsVersion = 6.4;
						TestTargetID = B0A2D3EE1B8870FF003195F7;
					};
				};
			};
			buildConfigurationList = B0A2D3EA1B8870FF003195F7 /* Build configuration list for PBXProject "BeaBus" */;
			compatibilityVersion = "Xcode 3.2";
			developmentRegion = English;
			hasScannedForEncodings = 0;
			knownRegions = (
				en,
				Base,
			);
			mainGroup = B0A2D3E61B8870FF003195F7;
			productRefGroup = B0A2D3F01B8870FF003195F7 /* Products */;
			projectDirPath = "";
			projectRoot = "";
			targets = (
				B0A2D3EE1B8870FF003195F7 /* BeaBus */,
				B0A2D4071B887100003195F7 /* BeaBusTests */,
			);
		};
/* End PBXProject section */

/* Begin PBXResourcesBuildPhase section */
		B0A2D3ED1B8870FF003195F7 /* Resources */ = {
			isa = PBXResourcesBuildPhase;
			buildActionMask = 2147483647;
			files = (
				B0A2D3FE1B887100003195F7 /* Main.storyboard in Resources */,
				B0A2D41A1B8879CD003195F7 /* icon.png in Resources */,
				B00362A51B888854001745FD /* 01_search_img.png in Resources */,
				B0A2D41B1B8879CD003195F7 /* launcher.png in Resources */,
				B0A2D4031B887100003195F7 /* LaunchScreen.xib in Resources */,
				B0A2D4001B887100003195F7 /* Images.xcassets in Resources */,
			);
			runOnlyForDeploymentPostprocessing = 0;
		};
		B0A2D4061B887100003195F7 /* Resources */ = {
			isa = PBXResourcesBuildPhase;
			buildActionMask = 2147483647;
			files = (
			);
			runOnlyForDeploymentPostprocessing = 0;
		};
/* End PBXResourcesBuildPhase section */

/* Begin PBXSourcesBuildPhase section */
		B0A2D3EB1B8870FF003195F7 /* Sources */ = {
			isa = PBXSourcesBuildPhase;
			buildActionMask = 2147483647;
			files = (
				B0A2D3FB1B8870FF003195F7 /* ViewController.m in Sources */,
				B0A2D3F81B8870FF003195F7 /* AppDelegate.m in Sources */,
				9657354C1B88798300B2EAAD /* BusNumberViewController.m in Sources */,
				B0A2D3F51B8870FF003195F7 /* main.m in Sources */,
				9657354F1B8879B500B2EAAD /* BusLineViewController.m in Sources */,
				965735531B8879DE00B2EAAD /* RankingViewController.m in Sources */,
			);
			runOnlyForDeploymentPostprocessing = 0;
		};
		B0A2D4041B887100003195F7 /* Sources */ = {
			isa = PBXSourcesBuildPhase;
			buildActionMask = 2147483647;
			files = (
				B0A2D40F1B887100003195F7 /* BeaBusTests.m in Sources */,
			);
			runOnlyForDeploymentPostprocessing = 0;
		};
/* End PBXSourcesBuildPhase section */

/* Begin PBXTargetDependency section */
		B0A2D40A1B887100003195F7 /* PBXTargetDependency */ = {
			isa = PBXTargetDependency;
			target = B0A2D3EE1B8870FF003195F7 /* BeaBus */;
			targetProxy = B0A2D4091B887100003195F7 /* PBXContainerItemProxy */;
		};
/* End PBXTargetDependency section */

/* Begin PBXVariantGroup section */
		B0A2D3FC1B887100003195F7 /* Main.storyboard */ = {
			isa = PBXVariantGroup;
			children = (
				B0A2D3FD1B887100003195F7 /* Base */,
			);
			name = Main.storyboard;
			sourceTree = "<group>";
		};
		B0A2D4011B887100003195F7 /* LaunchScreen.xib */ = {
			isa = PBXVariantGroup;
			children = (
				B0A2D4021B887100003195F7 /* Base */,
			);
			name = LaunchScreen.xib;
			sourceTree = "<group>";
		};
/* End PBXVariantGroup section */

/* Begin XCBuildConfiguration section */
		B0A2D4101B887100003195F7 /* Debug */ = {
			isa = XCBuildConfiguration;
			buildSettings = {
				ALWAYS_SEARCH_USER_PATHS = NO;
				CLANG_CXX_LANGUAGE_STANDARD = "gnu++0x";
				CLANG_CXX_LIBRARY = "libc++";
				CLANG_ENABLE_MODULES = YES;
				CLANG_ENABLE_OBJC_ARC = YES;
				CLANG_WARN_BOOL_CONVERSION = YES;
				CLANG_WARN_CONSTANT_CONVERSION = YES;
				CLANG_WARN_DIRECT_OBJC_ISA_USAGE = YES_ERROR;
				CLANG_WARN_EMPTY_BODY = YES;
				CLANG_WARN_ENUM_CONVERSION = YES;
				CLANG_WARN_INT_CONVERSION = YES;
				CLANG_WARN_OBJC_ROOT_CLASS = YES_ERROR;
				CLANG_WARN_UNREACHABLE_CODE = YES;
				CLANG_WARN__DUPLICATE_METHOD_MATCH = YES;
				"CODE_SIGN_IDENTITY[sdk=iphoneos*]" = "iPhone Developer";
				COPY_PHASE_STRIP = NO;
				DEBUG_INFORMATION_FORMAT = "dwarf-with-dsym";
				ENABLE_STRICT_OBJC_MSGSEND = YES;
				GCC_C_LANGUAGE_STANDARD = gnu99;
				GCC_DYNAMIC_NO_PIC = NO;
				GCC_NO_COMMON_BLOCKS = YES;
				GCC_OPTIMIZATION_LEVEL = 0;
				GCC_PREPROCESSOR_DEFINITIONS = (
					"DEBUG=1",
					"$(inherited)",
				);
				GCC_SYMBOLS_PRIVATE_EXTERN = NO;
				GCC_WARN_64_TO_32_BIT_CONVERSION = YES;
				GCC_WARN_ABOUT_RETURN_TYPE = YES_ERROR;
				GCC_WARN_UNDECLARED_SELECTOR = YES;
				GCC_WARN_UNINITIALIZED_AUTOS = YES_AGGRESSIVE;
				GCC_WARN_UNUSED_FUNCTION = YES;
				GCC_WARN_UNUSED_VARIABLE = YES;
				IPHONEOS_DEPLOYMENT_TARGET = 8.4;
				MTL_ENABLE_DEBUG_INFO = YES;
				ONLY_ACTIVE_ARCH = YES;
				SDKROOT = iphoneos;
				TARGETED_DEVICE_FAMILY = "1,2";
			};
			name = Debug;
		};
		B0A2D4111B887100003195F7 /* Release */ = {
			isa = XCBuildConfiguration;
			buildSettings = {
				ALWAYS_SEARCH_USER_PATHS = NO;
				CLANG_CXX_LANGUAGE_STANDARD = "gnu++0x";
				CLANG_CXX_LIBRARY = "libc++";
				CLANG_ENABLE_MODULES = YES;
				CLANG_ENABLE_OBJC_ARC = YES;
				CLANG_WARN_BOOL_CONVERSION = YES;
				CLANG_WARN_CONSTANT_CONVERSION = YES;
				CLANG_WARN_DIRECT_OBJC_ISA_USAGE = YES_ERROR;
				CLANG_WARN_EMPTY_BODY = YES;
				CLANG_WARN_ENUM_CONVERSION = YES;
				CLANG_WARN_INT_CONVERSION = YES;
				CLANG_WARN_OBJC_ROOT_CLASS = YES_ERROR;
				CLANG_WARN_UNREACHABLE_CODE = YES;
				CLANG_WARN__DUPLICATE_METHOD_MATCH = YES;
				"CODE_SIGN_IDENTITY[sdk=iphoneos*]" = "iPhone Developer";
				COPY_PHASE_STRIP = NO;
				DEBUG_INFORMATION_FORMAT = "dwarf-with-dsym";
				ENABLE_NS_ASSERTIONS = NO;
				ENABLE_STRICT_OBJC_MSGSEND = YES;
				GCC_C_LANGUAGE_STANDARD = gnu99;
				GCC_NO_COMMON_BLOCKS = YES;
				GCC_WARN_64_TO_32_BIT_CONVERSION = YES;
				GCC_WARN_ABOUT_RETURN_TYPE = YES_ERROR;
				GCC_WARN_UNDECLARED_SELECTOR = YES;
				GCC_WARN_UNINITIALIZED_AUTOS = YES_AGGRESSIVE;
				GCC_WARN_UNUSED_FUNCTION = YES;
				GCC_WARN_UNUSED_VARIABLE = YES;
				IPHONEOS_DEPLOYMENT_TARGET = 8.4;
				MTL_ENABLE_DEBUG_INFO = NO;
				SDKROOT = iphoneos;
				TARGETED_DEVICE_FAMILY = "1,2";
				VALIDATE_PRODUCT = YES;
			};
			name = Release;
		};
		B0A2D4131B887100003195F7 /* Debug */ = {
			isa = XCBuildConfiguration;
			buildSettings = {
				ASSETCATALOG_COMPILER_APPICON_NAME = AppIcon;
				INFOPLIST_FILE = BeaBus/Info.plist;
				IPHONEOS_DEPLOYMENT_TARGET = 7.0;
				LD_RUNPATH_SEARCH_PATHS = "$(inherited) @executable_path/Frameworks";
				PRODUCT_NAME = "$(TARGET_NAME)";
				TARGETED_DEVICE_FAMILY = 1;
			};
			name = Debug;
		};
		B0A2D4141B887100003195F7 /* Release */ = {
			isa = XCBuildConfiguration;
			buildSettings = {
				ASSETCATALOG_COMPILER_APPICON_NAME = AppIcon;
				INFOPLIST_FILE = BeaBus/Info.plist;
				IPHONEOS_DEPLOYMENT_TARGET = 7.0;
				LD_RUNPATH_SEARCH_PATHS = "$(inherited) @executable_path/Frameworks";
				PRODUCT_NAME = "$(TARGET_NAME)";
				TARGETED_DEVICE_FAMILY = 1;
			};
			name = Release;
		};
		B0A2D4161B887100003195F7 /* Debug */ = {
			isa = XCBuildConfiguration;
			buildSettings = {
				BUNDLE_LOADER = "$(TEST_HOST)";
				FRAMEWORK_SEARCH_PATHS = (
					"$(SDKROOT)/Developer/Library/Frameworks",
					"$(inherited)",
				);
				GCC_PREPROCESSOR_DEFINITIONS = (
					"DEBUG=1",
					"$(inherited)",
				);
				INFOPLIST_FILE = BeaBusTests/Info.plist;
				LD_RUNPATH_SEARCH_PATHS = "$(inherited) @executable_path/Frameworks @loader_path/Frameworks";
				PRODUCT_NAME = "$(TARGET_NAME)";
				TEST_HOST = "$(BUILT_PRODUCTS_DIR)/BeaBus.app/BeaBus";
			};
			name = Debug;
		};
		B0A2D4171B887100003195F7 /* Release */ = {
			isa = XCBuildConfiguration;
			buildSettings = {
				BUNDLE_LOADER = "$(TEST_HOST)";
				FRAMEWORK_SEARCH_PATHS = (
					"$(SDKROOT)/Developer/Library/Frameworks",
					"$(inherited)",
				);
				INFOPLIST_FILE = BeaBusTests/Info.plist;
				LD_RUNPATH_SEARCH_PATHS = "$(inherited) @executable_path/Frameworks @loader_path/Frameworks";
				PRODUCT_NAME = "$(TARGET_NAME)";
				TEST_HOST = "$(BUILT_PRODUCTS_DIR)/BeaBus.app/BeaBus";
			};
			name = Release;
		};
/* End XCBuildConfiguration section */

/* Begin XCConfigurationList section */
		B0A2D3EA1B8870FF003195F7 /* Build configuration list for PBXProject "BeaBus" */ = {
			isa = XCConfigurationList;
			buildConfigurations = (
				B0A2D4101B887100003195F7 /* Debug */,
				B0A2D4111B887100003195F7 /* Release */,
			);
			defaultConfigurationIsVisible = 0;
			defaultConfigurationName = Release;
		};
		B0A2D4121B887100003195F7 /* Build configuration list for PBXNativeTarget "BeaBus" */ = {
			isa = XCConfigurationList;
			buildConfigurations = (
				B0A2D4131B887100003195F7 /* Debug */,
				B0A2D4141B887100003195F7 /* Release */,
			);
			defaultConfigurationIsVisible = 0;
			defaultConfigurationName = Release;
		};
		B0A2D4151B887100003195F7 /* Build configuration list for PBXNativeTarget "BeaBusTests" */ = {
			isa = XCConfigurationList;
			buildConfigurations = (
				B0A2D4161B887100003195F7 /* Debug */,
				B0A2D4171B887100003195F7 /* Release */,
			);
			defaultConfigurationIsVisible = 0;
			defaultConfigurationName = Release;
		};
/* End XCConfigurationList section */
	};
	rootObject = B0A2D3E71B8870FF003195F7 /* Project object */;
}
